
Microsoft Visual Studio Solution File, Format Version 12.00
# Visual Studio 15
VisualStudioVersion = 15.0.26730.16
MinimumVisualStudioVersion = 10.0.40219.1
Project("{FAE04EC0-301F-11D3-BF4B-00C04F79EFBC}") = "CoolCompiler", "CoolCompiler.csproj", "{8E9F8E8D-5643-4938-8DD7-896A1E542FCC}"
EndProject
Global
	GlobalSection(SolutionConfigurationPlatforms) = preSolution
		Debug|Any CPU = Debug|Any CPU
		Release|Any CPU = Release|Any CPU
	EndGlobalSection
	GlobalSection(ProjectConfigurationPlatforms) = postSolution
		{8E9F8E8D-5643-4938-8DD7-896A1E542FCC}.Debug|Any CPU.ActiveCfg = Debug|Any CPU
		{8E9F8E8D-5643-4938-8DD7-896A1E542FCC}.Debug|Any CPU.Build.0 = Debug|Any CPU
		{8E9F8E8D-5643-4938-8DD7-896A1E542FCC}.Release|Any CPU.ActiveCfg = Release|Any CPU
		{8E9F8E8D-5643-4938-8DD7-896A1E542FCC}.Release|Any CPU.Build.0 = Release|Any CPU
	EndGlobalSection
	GlobalSection(SolutionProperties) = preSolution
		HideSolutionNode = FALSE
	EndGlobalSection
	GlobalSection(ExtensibilityGlobals) = postSolution
		SolutionGuid = {380EC232-01CD-4E12-B6FC-87917C43F752}
	EndGlobalSection
EndGlobal
